PODS:
  - Alamofire (4.0.1)
  - AnimatedGIFImageSerialization (0.2.0)
  - Charts (3.0.1):
    - Charts/Core (= 3.0.1)
  - Charts/Core (3.0.1)
  - DateToolsSwift (2.0.0)
  - FirebaseAnalytics (3.7.0):
    - FirebaseCore (~> 3.5)
    - FirebaseInstanceID (~> 1.0)
    - GoogleToolboxForMac/NSData+zlib (~> 2.1)
  - FirebaseCore (3.5.0):
    - GoogleToolboxForMac/NSData+zlib (~> 2.1)
  - FirebaseInstanceID (1.0.9)
  - Google/Analytics (3.0.3):
    - Google/Core
    - GoogleAnalytics (~> 3.12)
  - Google/Core (3.0.3):
    - FirebaseAnalytics (~> 3.2)
  - GoogleAnalytics (3.17.0)
  - GoogleToolboxForMac/Defines (2.1.1)
  - GoogleToolboxForMac/NSData+zlib (2.1.1):
    - GoogleToolboxForMac/Defines (= 2.1.1)
  - IQKeyboardManagerSwift (4.0.8)
  - Kingfisher (3.1.4)
  - KMNavigationBarTransition (1.0.0)
  - KSCrash (1.8.13):
    - KSCrash/Installations (= 1.8.13)
  - KSCrash/Installations (1.8.13):
    - KSCrash/Recording
    - KSCrash/Reporting
  - KSCrash/Recording (1.8.13)
  - KSCrash/Reporting (1.8.13):
    - KSCrash/Recording
    - KSCrash/Reporting/Filters (= 1.8.13)
    - KSCrash/Reporting/MessageUI (= 1.8.13)
    - KSCrash/Reporting/Sinks (= 1.8.13)
    - KSCrash/Reporting/Tools (= 1.8.13)
  - KSCrash/Reporting/Filters (1.8.13):
    - KSCrash/Recording
    - KSCrash/Reporting/Filters/Alert (= 1.8.13)
    - KSCrash/Reporting/Filters/AppleFmt (= 1.8.13)
    - KSCrash/Reporting/Filters/Base (= 1.8.13)
    - KSCrash/Reporting/Filters/Basic (= 1.8.13)
    - KSCrash/Reporting/Filters/GZip (= 1.8.13)
    - KSCrash/Reporting/Filters/JSON (= 1.8.13)
    - KSCrash/Reporting/Filters/Sets (= 1.8.13)
    - KSCrash/Reporting/Filters/Stringify (= 1.8.13)
    - KSCrash/Reporting/Filters/Tools (= 1.8.13)
  - KSCrash/Reporting/Filters/Alert (1.8.13):
    - KSCrash/Recording
    - KSCrash/Reporting/Filters/Base
  - KSCrash/Reporting/Filters/AppleFmt (1.8.13):
    - KSCrash/Recording
    - KSCrash/Reporting/Filters/Base
  - KSCrash/Reporting/Filters/Base (1.8.13):
    - KSCrash/Recording
  - KSCrash/Reporting/Filters/Basic (1.8.13):
    - KSCrash/Recording
    - KSCrash/Reporting/Filters/Base
  - KSCrash/Reporting/Filters/GZip (1.8.13):
    - KSCrash/Recording
    - KSCrash/Reporting/Filters/Base
  - KSCrash/Reporting/Filters/JSON (1.8.13):
    - KSCrash/Recording
    - KSCrash/Reporting/Filters/Base
  - KSCrash/Reporting/Filters/Sets (1.8.13):
    - KSCrash/Recording
    - KSCrash/Reporting/Filters/AppleFmt
    - KSCrash/Reporting/Filters/Base
    - KSCrash/Reporting/Filters/Basic
    - KSCrash/Reporting/Filters/GZip
    - KSCrash/Reporting/Filters/JSON
    - KSCrash/Reporting/Filters/Stringify
  - KSCrash/Reporting/Filters/Stringify (1.8.13):
    - KSCrash/Recording
    - KSCrash/Reporting/Filters/Base
  - KSCrash/Reporting/Filters/Tools (1.8.13):
    - KSCrash/Recording
  - KSCrash/Reporting/MessageUI (1.8.13):
    - KSCrash/Recording
  - KSCrash/Reporting/Sinks (1.8.13):
    - KSCrash/Recording
    - KSCrash/Reporting/Filters
    - KSCrash/Reporting/Tools
  - KSCrash/Reporting/Tools (1.8.13):
    - KSCrash/Recording
  - KYCircularProgress (1.0.0)
  - MOBFoundation (2.2.15)
  - Pingpp/Alipay (2.2.10):
    - Pingpp/Core
  - Pingpp/Core (2.2.10)
  - Pingpp/Wx (2.2.10):
    - Pingpp/Core
  - QRCode (2.0)
  - ShareSDK3 (3.6.1):
    - MOBFoundation
    - ShareSDK3/ShareSDK (= 3.6.1)
  - ShareSDK3/ShareSDK (3.6.1):
    - MOBFoundation
  - ShareSDK3/ShareSDKExtension (3.6.1):
    - MOBFoundation
  - ShareSDK3/ShareSDKPlatforms/WeChat (3.6.1):
    - MOBFoundation
  - ShareSDK3/ShareSDKUI (3.6.1):
    - MOBFoundation
  - SKPhotoBrowser (3.1.4)
  - SnapKit (3.0.2)
  - Toast-Swift (2.0.0)
  - WZLBadge (1.2.5)

DEPENDENCIES:
  - Alamofire (~> 4.0.1)
  - AnimatedGIFImageSerialization (~> 0.2.0)
  - Charts (~> 3.0.1)
  - DateToolsSwift
  - Google/Analytics
  - IQKeyboardManagerSwift (~> 4.0.8)
  - Kingfisher (~> 3.1.0)
  - KMNavigationBarTransition (~> 1.0.0)
  - KSCrash (~> 1.8.13)
  - KYCircularProgress (~> 1.0.0)
  - MOBFoundation
  - Pingpp/Alipay (~> 2.2.10)
  - Pingpp/Wx (~> 2.2.10)
  - QRCode (~> 2.0)
  - ShareSDK3
  - ShareSDK3/ShareSDKExtension
  - ShareSDK3/ShareSDKPlatforms/WeChat
  - ShareSDK3/ShareSDKUI
  - SKPhotoBrowser (from `https://github.com/suzuki-0000/SKPhotoBrowser.git`, branch `swift3`)
  - SnapKit (~> 3.0.2)
  - Toast-Swift (~> 2.0.0)
  - WZLBadge (~> 1.2.5)

EXTERNAL SOURCES:
  SKPhotoBrowser:
    :branch: swift3
    :git: https://github.com/suzuki-0000/SKPhotoBrowser.git

CHECKOUT OPTIONS:
  SKPhotoBrowser:
    :commit: c575b55599976b86646a08c7e9aa8569e66ff72c
    :git: https://github.com/suzuki-0000/SKPhotoBrowser.git

SPEC CHECKSUMS:
  Alamofire: 7682d43245de14874acd142ec137b144aa1dd335
  AnimatedGIFImageSerialization: b0f0cfe71eac1ee45a3d57ae533c23b8e6f29501
  Charts: 0e84f4418e87dad6a9edde221fba37ebb51d3ba7
  DateToolsSwift: 27336736d877c8734159da1f37afbda2aa704649
  FirebaseAnalytics: 0d1b7d81d5021155be37702a94ba1ec16d45365d
  FirebaseCore: 1c0a13bf59bb95cdd19577252499f0ec6a03e999
  FirebaseInstanceID: 2d0518b1378fe9d685ef40cbdd63d2fdc1125339
  Google: 813c467362eabc11385f5a5cc9ad0cb651a58f4e
  GoogleAnalytics: f42cc53a87a51fe94334821868d9c8481ff47a7b
  GoogleToolboxForMac: 8e329f1b599f2512c6b10676d45736bcc2cbbeb0
  IQKeyboardManagerSwift: c04bc9f68473823f825eb44d958fce98d921bead
  Kingfisher: 6c67e3e57f2d81a9cfdfa25052cd86f33ceac9bb
  KMNavigationBarTransition: b3fb8337f7a1e4542add07fd6c45fb9980794d59
  KSCrash: 4c3a83f133b60f4bd57e05235ebf8d46e36d378d
  KYCircularProgress: e83d5346247c917182b451c6357fd96b3c3d71b6
  MOBFoundation: 4975874f74c991f562151f6a4549e9a6ad743fd8
  Pingpp: a267566fbab76c4c3b65adb0655635b1d5ba7fdc
  QRCode: f98a1886c8f37523704a7512a4c0cd45b34c18a4
  ShareSDK3: dea6a14cc4385fa6493e10895ba11d07ef34d149
  SKPhotoBrowser: 14b08bef65c1720f6edc728ab7f2b1f8ca76f453
  SnapKit: 2e456761aa92d4d4067a7a5594c18769d451a8ad
  Toast-Swift: 5b2f8f720f7e78e48511f693df1f9c9a6e38a25a
  WZLBadge: 16c08aa0a645e2591690f21cbcb410a3d878c7ac

PODFILE CHECKSUM: 42c40487bfa124eeb1c9cba7ae597c8bbfdf59ac

COCOAPODS: 1.2.0.beta.1
