PODS:
  - Alamofire (4.0.1)
  - Charts (2.2.5):
    - Charts/Core (= 2.2.5)
  - Charts/Core (2.2.5)
  - DateTools (1.7.0)
  - FirebaseAnalytics (3.4.4):
    - FirebaseCore (~> 3.4)
    - FirebaseInstanceID (~> 1.0)
    - GoogleInterchangeUtilities (~> 1.2)
    - GoogleSymbolUtilities (~> 1.1)
  - FirebaseCore (3.4.3):
    - GoogleInterchangeUtilities (~> 1.2)
    - GoogleUtilities (~> 1.2)
  - FirebaseInstanceID (1.0.8)
  - Google/Analytics (3.0.3):
    - Google/Core
    - GoogleAnalytics (~> 3.12)
  - Google/Core (3.0.3):
    - FirebaseAnalytics (~> 3.2)
  - GoogleAnalytics (3.17.0)
  - GoogleInterchangeUtilities (1.2.2):
    - GoogleSymbolUtilities (~> 1.1)
  - GoogleSymbolUtilities (1.1.2)
  - GoogleUtilities (1.3.2):
    - GoogleSymbolUtilities (~> 1.1)
  - IQKeyboardManagerSwift (4.0.5)
  - Kingfisher (2.5.1)
  - MOBFoundation (2.0.11)
  - Pingpp/Alipay (2.2.8):
    - Pingpp/Core
  - Pingpp/Core (2.2.8):
    - Pingpp/Network
  - Pingpp/Network (2.2.8)
  - Pingpp/Wx (2.2.8):
    - Pingpp/Core
  - ShareSDK3 (3.4.1):
    - ShareSDK3/ShareSDK (= 3.4.1)
  - ShareSDK3/ShareSDK (3.4.1)
  - ShareSDK3/ShareSDKPlatforms/WeChat (3.4.1)
  - SnapKit (3.0.2)

DEPENDENCIES:
  - Alamofire (~> 4.0.1)
  - Charts (from `https://github.com/danielgindi/Charts.git`, branch `Chart2.2.5-Swift3.0`)
  - DateTools
  - Google/Analytics
  - IQKeyboardManagerSwift
  - Kingfisher
  - MOBFoundation
  - Pingpp/Alipay
  - Pingpp/Wx
  - ShareSDK3
  - ShareSDK3/ShareSDKPlatforms/WeChat
  - SnapKit (~> 3.0.2)

EXTERNAL SOURCES:
  Charts:
    :branch: Chart2.2.5-Swift3.0
    :git: https://github.com/danielgindi/Charts.git

CHECKOUT OPTIONS:
  Charts:
    :commit: ab3bb619df2c2d165b41736b6bc25a4218833252
    :git: https://github.com/danielgindi/Charts.git

SPEC CHECKSUMS:
  Alamofire: 7682d43245de14874acd142ec137b144aa1dd335
  Charts: b48fcc8d7190de910ff9e9748f5360c8ea7856e5
  DateTools: 53288ee8b905fdc75897a1e6b5cc0144b14cba60
  FirebaseAnalytics: 0533a00b681e08fd0b2cd0444b7ddf0ef9fd7a1a
  FirebaseCore: 5a885548bbc5f0c410b04f8e9ac9d73ff1221907
  FirebaseInstanceID: ba1e640935235e5fac39dfa816fe7660e72e1a8a
  Google: 813c467362eabc11385f5a5cc9ad0cb651a58f4e
  GoogleAnalytics: f42cc53a87a51fe94334821868d9c8481ff47a7b
  GoogleInterchangeUtilities: d5bc4d88d5b661ab72f9d70c58d02ca8c27ad1f7
  GoogleSymbolUtilities: 631ee17048aa5e9ab133470d768ea997a5ef9b96
  GoogleUtilities: 8bbc733218aad26306f9d4a253823986110e3358
  IQKeyboardManagerSwift: 41fd3a45a2cdb2a0e031af697708a95b865068a1
  Kingfisher: 9b82e0e1f1a296f149a50bbc2214532eaa4df4f1
  MOBFoundation: e213065e65eebd8146ab29d10a8445dc8f385091
  Pingpp: b5ad287bd6969d69cff1f2438ea63147976711c9
  ShareSDK3: e7bcdfeb95338f89efd6fff82b4793d2bfee76f8
  SnapKit: 2e456761aa92d4d4067a7a5594c18769d451a8ad

PODFILE CHECKSUM: 055a9460ee80675328d93ffcfd8f59e5350c97df

COCOAPODS: 1.1.0.rc.2
